
Microsoft Visual Studio Solution File, Format Version 12.00
# Visual Studio Version 16
VisualStudioVersion = 16.0.31729.503
MinimumVisualStudioVersion = 10.0.40219.1
Project("{FAE04EC0-301F-11D3-BF4B-00C04F79EFBC}") = "FluentValidationApp.Web", "FluentValidationApp.Web\FluentValidationApp.Web.csproj", "{0CAF3D6B-979A-45DC-8EC8-E02233431BD7}"
EndProject
Global
	GlobalSection(SolutionConfigurationPlatforms) = preSolution
		Debug|Any CPU = Debug|Any CPU
		Release|Any CPU = Release|Any CPU
	EndGlobalSection
	GlobalSection(ProjectConfigurationPlatforms) = postSolution
		{0CAF3D6B-979A-45DC-8EC8-E02233431BD7}.Debug|Any CPU.ActiveCfg = Debug|Any CPU
		{0CAF3D6B-979A-45DC-8EC8-E02233431BD7}.Debug|Any CPU.Build.0 = Debug|Any CPU
		{0CAF3D6B-979A-45DC-8EC8-E02233431BD7}.Release|Any CPU.ActiveCfg = Release|Any CPU
		{0CAF3D6B-979A-45DC-8EC8-E02233431BD7}.Release|Any CPU.Build.0 = Release|Any CPU
	EndGlobalSection
	GlobalSection(SolutionProperties) = preSolution
		HideSolutionNode = FALSE
	EndGlobalSection
	GlobalSection(ExtensibilityGlobals) = postSolution
		SolutionGuid = {060D4EC8-B488-472D-AFDF-DCBD18F37A4B}
	EndGlobalSection
EndGlobal
